
Microsoft Visual Studio Solution File, Format Version 12.00
# Visual Studio Version 18
VisualStudioVersion = 18.3.11222.16 d18.3
MinimumVisualStudioVersion = 10.0.40219.1
Project("{FAE04EC0-301F-11D3-BF4B-00C04F79EFBC}") = "WowQuestTtsTool", "WowQuestTtsTool.csproj", "{D47317D3-48CF-7FD6-BDBD-16F4754A9968}"
EndProject
Global
	GlobalSection(SolutionConfigurationPlatforms) = preSolution
		Debug|Any CPU = Debug|Any CPU
		Release|Any CPU = Release|Any CPU
	EndGlobalSection
	GlobalSection(ProjectConfigurationPlatforms) = postSolution
		{D47317D3-48CF-7FD6-BDBD-16F4754A9968}.Debug|Any CPU.ActiveCfg = Debug|Any CPU
		{D47317D3-48CF-7FD6-BDBD-16F4754A9968}.Debug|Any CPU.Build.0 = Debug|Any CPU
		{D47317D3-48CF-7FD6-BDBD-16F4754A9968}.Release|Any CPU.ActiveCfg = Release|Any CPU
		{D47317D3-48CF-7FD6-BDBD-16F4754A9968}.Release|Any CPU.Build.0 = Release|Any CPU
	EndGlobalSection
	GlobalSection(SolutionProperties) = preSolution
		HideSolutionNode = FALSE
	EndGlobalSection
	GlobalSection(ExtensibilityGlobals) = postSolution
		SolutionGuid = {A6437D4E-0A1F-48A3-B414-87314E2561AB}
	EndGlobalSection
EndGlobal
